
Microsoft Visual Studio Solution File, Format Version 12.00
# Visual Studio Version 17
VisualStudioVersion = 17.1.32421.90
MinimumVisualStudioVersion = 10.0.40219.1
Project("{9A19103F-16F7-4668-BE54-9A1E7A4F7556}") = "P1StoreApp", "P1StoreApp\P1StoreApp.csproj", "{755AD0C1-900A-4555-A614-0961523CB75D}"
EndProject
Project("{9A19103F-16F7-4668-BE54-9A1E7A4F7556}") = "P1Repository", "P1Repository\P1Repository.csproj", "{F4921F57-E32A-4DAD-A79A-CF106A69F532}"
EndProject
Project("{9A19103F-16F7-4668-BE54-9A1E7A4F7556}") = "P1Models", "P1Models\P1Models.csproj", "{AFD042F0-9658-4175-B8A8-A5FBD66CC214}"
EndProject
Project("{9A19103F-16F7-4668-BE54-9A1E7A4F7556}") = "P1Business", "P1Business\P1Business.csproj", "{AFBBD548-F19A-431B-ACAA-AB3C942411C7}"
EndProject
Project("{FAE04EC0-301F-11D3-BF4B-00C04F79EFBC}") = "Tests.P1StoreApp", "Tests.P1StoreApp\Tests.P1StoreApp.csproj", "{FDCE5C15-F215-4A1B-A45B-3E111E8CAA1F}"
EndProject
Global
	GlobalSection(SolutionConfigurationPlatforms) = preSolution
		Debug|Any CPU = Debug|Any CPU
		Release|Any CPU = Release|Any CPU
	EndGlobalSection
	GlobalSection(ProjectConfigurationPlatforms) = postSolution
		{755AD0C1-900A-4555-A614-0961523CB75D}.Debug|Any CPU.ActiveCfg = Debug|Any CPU
		{755AD0C1-900A-4555-A614-0961523CB75D}.Debug|Any CPU.Build.0 = Debug|Any CPU
		{755AD0C1-900A-4555-A614-0961523CB75D}.Release|Any CPU.ActiveCfg = Release|Any CPU
		{755AD0C1-900A-4555-A614-0961523CB75D}.Release|Any CPU.Build.0 = Release|Any CPU
		{F4921F57-E32A-4DAD-A79A-CF106A69F532}.Debug|Any CPU.ActiveCfg = Debug|Any CPU
		{F4921F57-E32A-4DAD-A79A-CF106A69F532}.Debug|Any CPU.Build.0 = Debug|Any CPU
		{F4921F57-E32A-4DAD-A79A-CF106A69F532}.Release|Any CPU.ActiveCfg = Release|Any CPU
		{F4921F57-E32A-4DAD-A79A-CF106A69F532}.Release|Any CPU.Build.0 = Release|Any CPU
		{AFD042F0-9658-4175-B8A8-A5FBD66CC214}.Debug|Any CPU.ActiveCfg = Debug|Any CPU
		{AFD042F0-9658-4175-B8A8-A5FBD66CC214}.Debug|Any CPU.Build.0 = Debug|Any CPU
		{AFD042F0-9658-4175-B8A8-A5FBD66CC214}.Release|Any CPU.ActiveCfg = Release|Any CPU
		{AFD042F0-9658-4175-B8A8-A5FBD66CC214}.Release|Any CPU.Build.0 = Release|Any CPU
		{AFBBD548-F19A-431B-ACAA-AB3C942411C7}.Debug|Any CPU.ActiveCfg = Debug|Any CPU
		{AFBBD548-F19A-431B-ACAA-AB3C942411C7}.Debug|Any CPU.Build.0 = Debug|Any CPU
		{AFBBD548-F19A-431B-ACAA-AB3C942411C7}.Release|Any CPU.ActiveCfg = Release|Any CPU
		{AFBBD548-F19A-431B-ACAA-AB3C942411C7}.Release|Any CPU.Build.0 = Release|Any CPU
		{FDCE5C15-F215-4A1B-A45B-3E111E8CAA1F}.Debug|Any CPU.ActiveCfg = Debug|Any CPU
		{FDCE5C15-F215-4A1B-A45B-3E111E8CAA1F}.Debug|Any CPU.Build.0 = Debug|Any CPU
		{FDCE5C15-F215-4A1B-A45B-3E111E8CAA1F}.Release|Any CPU.ActiveCfg = Release|Any CPU
		{FDCE5C15-F215-4A1B-A45B-3E111E8CAA1F}.Release|Any CPU.Build.0 = Release|Any CPU
	EndGlobalSection
	GlobalSection(SolutionProperties) = preSolution
		HideSolutionNode = FALSE
	EndGlobalSection
	GlobalSection(ExtensibilityGlobals) = postSolution
		SolutionGuid = {28B8134F-B238-473E-80C2-E0CAC2A42D95}
	EndGlobalSection
EndGlobal
